{
  "version": 4,
  "terraform_version": "1.10.3",
  "serial": 20,
  "lineage": "67bf338e-de8f-07ee-1f90-c03161a2ad95",
  "outputs": {},
  "resources": [
    {
      "mode": "data",
      "type": "aws_ami",
      "name": "server_ami",
      "provider": "provider[\"registry.terraform.io/hashicorp/aws\"]",
      "instances": [
        {
          "schema_version": 0,
          "attributes": {
            "architecture": "x86_64",
            "arn": "arn:aws:ec2:eu-central-1::image/ami-01a0731204136ddad",
            "block_device_mappings": [
              {
                "device_name": "/dev/sda1",
                "ebs": {
                  "delete_on_termination": "true",
                  "encrypted": "false",
                  "iops": "0",
                  "snapshot_id": "snap-069f877416d5069b6",
                  "throughput": "0",
                  "volume_size": "8",
                  "volume_type": "gp2"
                },
                "no_device": "",
                "virtual_name": ""
              },
              {
                "device_name": "/dev/sdb",
                "ebs": {},
                "no_device": "",
                "virtual_name": "ephemeral0"
              },
              {
                "device_name": "/dev/sdc",
                "ebs": {},
                "no_device": "",
                "virtual_name": "ephemeral1"
              }
            ],
            "boot_mode": "legacy-bios",
            "creation_date": "2024-11-12T11:34:48.000Z",
            "deprecation_time": "2026-11-12T11:34:48.000Z",
            "description": "Canonical, Ubuntu, 20.04 LTS, amd64 focal image build on 2024-11-12",
            "ena_support": true,
            "executable_users": null,
            "filter": [
              {
                "name": "name",
                "values": [
                  "ubuntu/images/hvm-ssd/ubuntu-focal-20.04-amd64-server-*"
                ]
              }
            ],
            "hypervisor": "xen",
            "id": "ami-01a0731204136ddad",
            "image_id": "ami-01a0731204136ddad",
            "image_location": "amazon/ubuntu/images/hvm-ssd/ubuntu-focal-20.04-amd64-server-20241112",
            "image_owner_alias": "amazon",
            "image_type": "machine",
            "imds_support": "",
            "include_deprecated": false,
            "kernel_id": "",
            "most_recent": true,
            "name": "ubuntu/images/hvm-ssd/ubuntu-focal-20.04-amd64-server-20241112",
            "name_regex": null,
            "owner_id": "099720109477",
            "owners": [
              "099720109477"
            ],
            "platform": "",
            "platform_details": "Linux/UNIX",
            "product_codes": [],
            "public": true,
            "ramdisk_id": "",
            "root_device_name": "/dev/sda1",
            "root_device_type": "ebs",
            "root_snapshot_id": "snap-069f877416d5069b6",
            "sriov_net_support": "simple",
            "state": "available",
            "state_reason": {
              "code": "UNSET",
              "message": "UNSET"
            },
            "tags": {},
            "timeouts": null,
            "tpm_support": "",
            "usage_operation": "RunInstances",
            "virtualization_type": "hvm"
          },
          "sensitive_attributes": []
        }
      ]
    },
    {
      "mode": "managed",
      "type": "aws_instance",
      "name": "ec2_dev",
      "provider": "provider[\"registry.terraform.io/hashicorp/aws\"]",
      "instances": [
        {
          "schema_version": 1,
          "attributes": {
            "ami": "ami-01a0731204136ddad",
            "arn": "arn:aws:ec2:eu-central-1:688567273536:instance/i-0511045c465195c65",
            "associate_public_ip_address": true,
            "availability_zone": "eu-central-1a",
            "capacity_reservation_specification": [
              {
                "capacity_reservation_preference": "open",
                "capacity_reservation_target": []
              }
            ],
            "cpu_core_count": 2,
            "cpu_options": [
              {
                "amd_sev_snp": "",
                "core_count": 2,
                "threads_per_core": 1
              }
            ],
            "cpu_threads_per_core": 1,
            "credit_specification": [
              {
                "cpu_credits": "standard"
              }
            ],
            "disable_api_stop": false,
            "disable_api_termination": false,
            "ebs_block_device": [],
            "ebs_optimized": false,
            "enable_primary_ipv6": null,
            "enclave_options": [
              {
                "enabled": false
              }
            ],
            "ephemeral_block_device": [],
            "get_password_data": false,
            "hibernation": false,
            "host_id": "",
            "host_resource_group_arn": null,
            "iam_instance_profile": "",
            "id": "i-0511045c465195c65",
            "instance_initiated_shutdown_behavior": "stop",
            "instance_lifecycle": "",
            "instance_market_options": [],
            "instance_state": "running",
            "instance_type": "t2.medium",
            "ipv6_address_count": 0,
            "ipv6_addresses": [],
            "key_name": "web_tier_EC2_rsa_key",
            "launch_template": [],
            "maintenance_options": [
              {
                "auto_recovery": "default"
              }
            ],
            "metadata_options": [
              {
                "http_endpoint": "enabled",
                "http_protocol_ipv6": "disabled",
                "http_put_response_hop_limit": 1,
                "http_tokens": "optional",
                "instance_metadata_tags": "disabled"
              }
            ],
            "monitoring": false,
            "network_interface": [],
            "outpost_arn": "",
            "password_data": "",
            "placement_group": "",
            "placement_partition_number": 0,
            "primary_network_interface_id": "eni-0d9958d775e5dfad9",
            "private_dns": "ip-10-0-1-156.eu-central-1.compute.internal",
            "private_dns_name_options": [
              {
                "enable_resource_name_dns_a_record": false,
                "enable_resource_name_dns_aaaa_record": false,
                "hostname_type": "ip-name"
              }
            ],
            "private_ip": "10.0.1.156",
            "public_dns": "ec2-18-153-59-49.eu-central-1.compute.amazonaws.com",
            "public_ip": "18.153.59.49",
            "root_block_device": [
              {
                "delete_on_termination": true,
                "device_name": "/dev/sda1",
                "encrypted": false,
                "iops": 100,
                "kms_key_id": "",
                "tags": null,
                "tags_all": {},
                "throughput": 0,
                "volume_id": "vol-003e0cec809b3ae1c",
                "volume_size": 20,
                "volume_type": "gp2"
              }
            ],
            "secondary_private_ips": [],
            "security_groups": [],
            "source_dest_check": true,
            "spot_instance_request_id": "",
            "subnet_id": "subnet-06b2c780bd6fdecd9",
            "tags": {
              "Name": "dev-node"
            },
            "tags_all": {
              "Name": "dev-node"
            },
            "tenancy": "default",
            "timeouts": null,
            "user_data": "d0f8480470db28b17e2da1bd3f0db5bc8c68e707",
            "user_data_base64": null,
            "user_data_replace_on_change": false,
            "volume_tags": null,
            "vpc_security_group_ids": [
              "sg-081be17f14a9f6a22"
            ]
          },
          "sensitive_attributes": [],
          "private": "eyJlMmJmYjczMC1lY2FhLTExZTYtOGY4OC0zNDM2M2JjN2M0YzAiOnsiY3JlYXRlIjo2MDAwMDAwMDAwMDAsImRlbGV0ZSI6MTIwMDAwMDAwMDAwMCwicmVhZCI6OTAwMDAwMDAwMDAwLCJ1cGRhdGUiOjYwMDAwMDAwMDAwMH0sInNjaGVtYV92ZXJzaW9uIjoiMSJ9",
          "dependencies": [
            "aws_security_group.my_sg",
            "aws_subnet.my_public_subnet",
            "aws_vpc.my_vpc",
            "data.aws_ami.server_ami"
          ]
        }
      ]
    },
    {
      "mode": "managed",
      "type": "aws_internet_gateway",
      "name": "my_internet_gateway",
      "provider": "provider[\"registry.terraform.io/hashicorp/aws\"]",
      "instances": [
        {
          "schema_version": 0,
          "attributes": {
            "arn": "arn:aws:ec2:eu-central-1:688567273536:internet-gateway/igw-09e86943584b3bab4",
            "id": "igw-09e86943584b3bab4",
            "owner_id": "688567273536",
            "tags": {
              "Name": "dev-igw"
            },
            "tags_all": {
              "Name": "dev-igw"
            },
            "timeouts": null,
            "vpc_id": "vpc-0c0560dba5ad75cd5"
          },
          "sensitive_attributes": [],
          "private": "eyJlMmJmYjczMC1lY2FhLTExZTYtOGY4OC0zNDM2M2JjN2M0YzAiOnsiY3JlYXRlIjoxMjAwMDAwMDAwMDAwLCJkZWxldGUiOjEyMDAwMDAwMDAwMDAsInVwZGF0ZSI6MTIwMDAwMDAwMDAwMH19",
          "dependencies": [
            "aws_vpc.my_vpc"
          ]
        }
      ]
    },
    {
      "mode": "managed",
      "type": "aws_key_pair",
      "name": "web_tier_EC2_rsa_key",
      "provider": "provider[\"registry.terraform.io/hashicorp/aws\"]",
      "instances": [
        {
          "schema_version": 1,
          "attributes": {
            "arn": "arn:aws:ec2:eu-central-1:688567273536:key-pair/web_tier_EC2_rsa_key",
            "fingerprint": "5f:c1:fd:9e:1d:b5:3c:71:56:8d:99:50:e6:e0:5f:db",
            "id": "web_tier_EC2_rsa_key",
            "key_name": "web_tier_EC2_rsa_key",
            "key_name_prefix": "",
            "key_pair_id": "key-0b81488dbf7802679",
            "key_type": "rsa",
            "public_key": "ssh-rsa AAAAB3NzaC1yc2EAAAADAQABAAACAQC+cJabpPd9Nu2C1mUFV4+jNc0J8xth+Xl6sAKq8WrUMm6RljF3MyF7RmaMZ8GMprRRfuM9+nj2Spt33R72K7CwyWiK3wA1goX7+5MbmRriRgvDMvxaw1OXB2CpA5kGy+MLjTFfmfYUlXUjqLRCShy66ja/6wN04452mbBfh1heEqG+nY3ypusiXV7oM+SotSqjjS4nSw0HokTSF+rCaFLQuMtAhv+znd4FdH+UOo5uDArhJz/r/ZUi36awvS+h4UM83XMsvaXsMZFbcf25H0y58IhOymSpnN7Xg19aPcZ7v2tY4i1O1BfmxZfqyEW+BfxAFIJZSjg1zdOFTOvhPvWGuTrxuSXY0QmLH2Cd8nPG9KT12UKfYj2+c94BdajtDZBa/UHQwOxe26nsZlNigPSsk+Vt1zKl47p4yFImWMR2IeIJKexyWh51kBKeaXE5X0NYjMW/3S8xuU1yFFk8F3pJIcu6m/aPHJEBxu+Gp6ZoDfUluq0gv7T2m2AsS3Xob4lTRM06kt7FZP8ZBTxC85sZacUzOox8kpiEIiOoX6VPsO/OqCN3Tm5ykvKLNoG1ritM8pcWpwojBLtJXMsZJMPnfurcInVs9ZwbRa+zysX+gsQDqVDrDezYkgAEfLCZFk1SvUM5EkVKHMCTifTIRhBen7a7x35CvOpvik8QNQ9ZBw==",
            "tags": {},
            "tags_all": {}
          },
          "sensitive_attributes": [],
          "private": "eyJzY2hlbWFfdmVyc2lvbiI6IjEifQ==",
          "dependencies": [
            "tls_private_key.public_key"
          ]
        }
      ]
    },
    {
      "mode": "managed",
      "type": "aws_route",
      "name": "default_route",
      "provider": "provider[\"registry.terraform.io/hashicorp/aws\"]",
      "instances": [
        {
          "schema_version": 0,
          "attributes": {
            "carrier_gateway_id": "",
            "core_network_arn": "",
            "destination_cidr_block": "0.0.0.0/0",
            "destination_ipv6_cidr_block": "",
            "destination_prefix_list_id": "",
            "egress_only_gateway_id": "",
            "gateway_id": "igw-09e86943584b3bab4",
            "id": "r-rtb-04d8e8141ec58776f1080289494",
            "instance_id": "",
            "instance_owner_id": "",
            "local_gateway_id": "",
            "nat_gateway_id": "",
            "network_interface_id": "",
            "origin": "CreateRoute",
            "route_table_id": "rtb-04d8e8141ec58776f",
            "state": "active",
            "timeouts": null,
            "transit_gateway_id": "",
            "vpc_endpoint_id": "",
            "vpc_peering_connection_id": ""
          },
          "sensitive_attributes": [],
          "private": "eyJlMmJmYjczMC1lY2FhLTExZTYtOGY4OC0zNDM2M2JjN2M0YzAiOnsiY3JlYXRlIjozMDAwMDAwMDAwMDAsImRlbGV0ZSI6MzAwMDAwMDAwMDAwLCJ1cGRhdGUiOjEyMDAwMDAwMDAwMH19",
          "dependencies": [
            "aws_internet_gateway.my_internet_gateway",
            "aws_route_table.my_public_rt",
            "aws_vpc.my_vpc"
          ]
        }
      ]
    },
    {
      "mode": "managed",
      "type": "aws_route_table",
      "name": "my_public_rt",
      "provider": "provider[\"registry.terraform.io/hashicorp/aws\"]",
      "instances": [
        {
          "schema_version": 0,
          "attributes": {
            "arn": "arn:aws:ec2:eu-central-1:688567273536:route-table/rtb-04d8e8141ec58776f",
            "id": "rtb-04d8e8141ec58776f",
            "owner_id": "688567273536",
            "propagating_vgws": [],
            "route": [
              {
                "carrier_gateway_id": "",
                "cidr_block": "0.0.0.0/0",
                "core_network_arn": "",
                "destination_prefix_list_id": "",
                "egress_only_gateway_id": "",
                "gateway_id": "igw-09e86943584b3bab4",
                "ipv6_cidr_block": "",
                "local_gateway_id": "",
                "nat_gateway_id": "",
                "network_interface_id": "",
                "transit_gateway_id": "",
                "vpc_endpoint_id": "",
                "vpc_peering_connection_id": ""
              }
            ],
            "tags": {
              "Name": "dev_public_rt"
            },
            "tags_all": {
              "Name": "dev_public_rt"
            },
            "timeouts": null,
            "vpc_id": "vpc-0c0560dba5ad75cd5"
          },
          "sensitive_attributes": [],
          "private": "eyJlMmJmYjczMC1lY2FhLTExZTYtOGY4OC0zNDM2M2JjN2M0YzAiOnsiY3JlYXRlIjozMDAwMDAwMDAwMDAsImRlbGV0ZSI6MzAwMDAwMDAwMDAwLCJ1cGRhdGUiOjEyMDAwMDAwMDAwMH19",
          "dependencies": [
            "aws_vpc.my_vpc"
          ]
        }
      ]
    },
    {
      "mode": "managed",
      "type": "aws_route_table_association",
      "name": "my_public_assoc",
      "provider": "provider[\"registry.terraform.io/hashicorp/aws\"]",
      "instances": [
        {
          "schema_version": 0,
          "attributes": {
            "gateway_id": "",
            "id": "rtbassoc-0766ee7e16160103b",
            "route_table_id": "rtb-04d8e8141ec58776f",
            "subnet_id": "subnet-06b2c780bd6fdecd9",
            "timeouts": null
          },
          "sensitive_attributes": [],
          "private": "eyJlMmJmYjczMC1lY2FhLTExZTYtOGY4OC0zNDM2M2JjN2M0YzAiOnsiY3JlYXRlIjozMDAwMDAwMDAwMDAsImRlbGV0ZSI6MzAwMDAwMDAwMDAwLCJ1cGRhdGUiOjEyMDAwMDAwMDAwMH19",
          "dependencies": [
            "aws_route_table.my_public_rt",
            "aws_subnet.my_public_subnet",
            "aws_vpc.my_vpc"
          ]
        }
      ]
    },
    {
      "mode": "managed",
      "type": "aws_security_group",
      "name": "my_sg",
      "provider": "provider[\"registry.terraform.io/hashicorp/aws\"]",
      "instances": [
        {
          "schema_version": 1,
          "attributes": {
            "arn": "arn:aws:ec2:eu-central-1:688567273536:security-group/sg-081be17f14a9f6a22",
            "description": "dev security group",
            "egress": [
              {
                "cidr_blocks": [
                  "0.0.0.0/0"
                ],
                "description": "",
                "from_port": 0,
                "ipv6_cidr_blocks": [],
                "prefix_list_ids": [],
                "protocol": "-1",
                "security_groups": [],
                "self": false,
                "to_port": 0
              }
            ],
            "id": "sg-081be17f14a9f6a22",
            "ingress": [
              {
                "cidr_blocks": [
                  "0.0.0.0/0"
                ],
                "description": "",
                "from_port": 0,
                "ipv6_cidr_blocks": [],
                "prefix_list_ids": [],
                "protocol": "-1",
                "security_groups": [],
                "self": false,
                "to_port": 0
              }
            ],
            "name": "dev_sg",
            "name_prefix": "",
            "owner_id": "688567273536",
            "revoke_rules_on_delete": false,
            "tags": {},
            "tags_all": {},
            "timeouts": null,
            "vpc_id": "vpc-0c0560dba5ad75cd5"
          },
          "sensitive_attributes": [],
          "private": "eyJlMmJmYjczMC1lY2FhLTExZTYtOGY4OC0zNDM2M2JjN2M0YzAiOnsiY3JlYXRlIjo2MDAwMDAwMDAwMDAsImRlbGV0ZSI6OTAwMDAwMDAwMDAwfSwic2NoZW1hX3ZlcnNpb24iOiIxIn0=",
          "dependencies": [
            "aws_vpc.my_vpc"
          ]
        }
      ]
    },
    {
      "mode": "managed",
      "type": "aws_subnet",
      "name": "my_public_subnet",
      "provider": "provider[\"registry.terraform.io/hashicorp/aws\"]",
      "instances": [
        {
          "schema_version": 1,
          "attributes": {
            "arn": "arn:aws:ec2:eu-central-1:688567273536:subnet/subnet-06b2c780bd6fdecd9",
            "assign_ipv6_address_on_creation": false,
            "availability_zone": "eu-central-1a",
            "availability_zone_id": "euc1-az2",
            "cidr_block": "10.0.1.0/24",
            "customer_owned_ipv4_pool": "",
            "enable_dns64": false,
            "enable_lni_at_device_index": 0,
            "enable_resource_name_dns_a_record_on_launch": false,
            "enable_resource_name_dns_aaaa_record_on_launch": false,
            "id": "subnet-06b2c780bd6fdecd9",
            "ipv6_cidr_block": "",
            "ipv6_cidr_block_association_id": "",
            "ipv6_native": false,
            "map_customer_owned_ip_on_launch": false,
            "map_public_ip_on_launch": true,
            "outpost_arn": "",
            "owner_id": "688567273536",
            "private_dns_hostname_type_on_launch": "ip-name",
            "tags": {
              "Name": "dev-public"
            },
            "tags_all": {
              "Name": "dev-public"
            },
            "timeouts": null,
            "vpc_id": "vpc-0c0560dba5ad75cd5"
          },
          "sensitive_attributes": [],
          "private": "eyJlMmJmYjczMC1lY2FhLTExZTYtOGY4OC0zNDM2M2JjN2M0YzAiOnsiY3JlYXRlIjo2MDAwMDAwMDAwMDAsImRlbGV0ZSI6MTIwMDAwMDAwMDAwMH0sInNjaGVtYV92ZXJzaW9uIjoiMSJ9",
          "dependencies": [
            "aws_vpc.my_vpc"
          ]
        }
      ]
    },
    {
      "mode": "managed",
      "type": "aws_vpc",
      "name": "my_vpc",
      "provider": "provider[\"registry.terraform.io/hashicorp/aws\"]",
      "instances": [
        {
          "schema_version": 1,
          "attributes": {
            "arn": "arn:aws:ec2:eu-central-1:688567273536:vpc/vpc-0c0560dba5ad75cd5",
            "assign_generated_ipv6_cidr_block": false,
            "cidr_block": "10.0.0.0/16",
            "default_network_acl_id": "acl-05645a68a8a25cddb",
            "default_route_table_id": "rtb-0a72973ac9e69304e",
            "default_security_group_id": "sg-0ea5d4fc04c355bd5",
            "dhcp_options_id": "dopt-03a56c887c0d14f20",
            "enable_dns_hostnames": true,
            "enable_dns_support": true,
            "enable_network_address_usage_metrics": false,
            "id": "vpc-0c0560dba5ad75cd5",
            "instance_tenancy": "default",
            "ipv4_ipam_pool_id": null,
            "ipv4_netmask_length": null,
            "ipv6_association_id": "",
            "ipv6_cidr_block": "",
            "ipv6_cidr_block_network_border_group": "",
            "ipv6_ipam_pool_id": "",
            "ipv6_netmask_length": 0,
            "main_route_table_id": "rtb-0a72973ac9e69304e",
            "owner_id": "688567273536",
            "tags": {
              "Name": "ec2_vpc"
            },
            "tags_all": {
              "Name": "ec2_vpc"
            }
          },
          "sensitive_attributes": [],
          "private": "eyJzY2hlbWFfdmVyc2lvbiI6IjEifQ=="
        }
      ]
    },
    {
      "mode": "managed",
      "type": "tls_private_key",
      "name": "public_key",
      "provider": "provider[\"registry.terraform.io/hashicorp/tls\"]",
      "instances": [
        {
          "schema_version": 1,
          "attributes": {
            "algorithm": "RSA",
            "ecdsa_curve": "P224",
            "id": "3d1b61951fb87a54fcff42ec1f4b9db1c7f30672",
            "private_key_openssh": "-----BEGIN OPENSSH PRIVATE KEY-----\nb3BlbnNzaC1rZXktdjEAAAAABG5vbmUAAAAEbm9uZQAAAAAAAAABAAACFwAAAAdz\nc2gtcnNhAAAAAwEAAQAAAgEAvnCWm6T3fTbtgtZlBVePozXNCfMbYfl5erACqvFq\n1DJukZYxdzMhe0ZmjGfBjKa0UX7jPfp49kqbd90e9iuwsMloit8ANYKF+/uTG5ka\n4kYLwzL8WsNTlwdgqQOZBsvjC40xX5n2FJV1I6i0Qkocuuo2v+sDdOOOdpmwX4dY\nXhKhvp2N8qbrIl1e6DPkqLUqo40uJ0sNB6JE0hfqwmhS0LjLQIb/s53eBXR/lDqO\nbgwK4Sc/6/2VIt+msL0voeFDPN1zLL2l7DGRW3H9uR9MufCITspkqZze14NfWj3G\ne79rWOItTtQX5sWX6shFvgX8QBSCWUo4Nc3ThUzr4T71hrk68bkl2NEJix9gnfJz\nxvSk9dlCn2I9vnPeAXWo7Q2QWv1B0MDsXtup7GZTYoD0rJPlbdcypeO6eMhSJljE\ndiHiCSnscloedZASnmlxOV9DWIzFv90vMblNchRZPBd6SSHLupv2jxyRAcbvhqem\naA31JbqtIL+09ptgLEt16G+JU0TNOpLexWT/GQU8QvObGWnFMzqMfJKYhCIjqF+l\nT7Dvzqgjd05ucpLyizaBta4rTPKXFqcKIwS7SVzLGSTD537q3CJ1bPWcG0Wvs8rF\n/oLEA6lQ6w3s2JIABHywmRZNUr1DORJFShzAk4n0yEYQXp+2u8d+Qrzqb4pPEDUP\nWQcAAAc4mVTd2JlU3dgAAAAHc3NoLXJzYQAAAgEAvnCWm6T3fTbtgtZlBVePozXN\nCfMbYfl5erACqvFq1DJukZYxdzMhe0ZmjGfBjKa0UX7jPfp49kqbd90e9iuwsMlo\nit8ANYKF+/uTG5ka4kYLwzL8WsNTlwdgqQOZBsvjC40xX5n2FJV1I6i0Qkocuuo2\nv+sDdOOOdpmwX4dYXhKhvp2N8qbrIl1e6DPkqLUqo40uJ0sNB6JE0hfqwmhS0LjL\nQIb/s53eBXR/lDqObgwK4Sc/6/2VIt+msL0voeFDPN1zLL2l7DGRW3H9uR9MufCI\nTspkqZze14NfWj3Ge79rWOItTtQX5sWX6shFvgX8QBSCWUo4Nc3ThUzr4T71hrk6\n8bkl2NEJix9gnfJzxvSk9dlCn2I9vnPeAXWo7Q2QWv1B0MDsXtup7GZTYoD0rJPl\nbdcypeO6eMhSJljEdiHiCSnscloedZASnmlxOV9DWIzFv90vMblNchRZPBd6SSHL\nupv2jxyRAcbvhqemaA31JbqtIL+09ptgLEt16G+JU0TNOpLexWT/GQU8QvObGWnF\nMzqMfJKYhCIjqF+lT7Dvzqgjd05ucpLyizaBta4rTPKXFqcKIwS7SVzLGSTD537q\n3CJ1bPWcG0Wvs8rF/oLEA6lQ6w3s2JIABHywmRZNUr1DORJFShzAk4n0yEYQXp+2\nu8d+Qrzqb4pPEDUPWQcAAAADAQABAAACAQCcoKLt/h7i6CMuAcDyRNLJLD2n2j+C\nNBnacxqul4ICZjwUF1A1tmLqLbu37Ln+QTl68X5agj+saS42xjFpzAM1U2FdHg3g\n9KnX1lBmWWUIBw4zjCKLT6zXQWUZfPEF6vigjo62Dz2aLlY6bs1a2/OHM4y2Ccc9\nAs8v8jViTEG8lVxcFt8hXHF1QRAGsG925hHclAgKnypnRemOVcdp/z1llybrulxh\n0QxCtk8bjZGJJvRnu81R/a0EEqfZIrAjVs7jJ0tL1+q4OQhRCo7gC8MiBpdFHibu\nbSvGWrE42if9rTDP2K3k8IF79rV8jxz1LZ0K4xNV9roGXnOCZgJ2rj5mFO9zLoO/\nDxZjhFsdrWkhCew6GuR1PQeStRp6zfJ5K/3Nh0s5IGjxVQ4rd5losBofFkVKH+La\nb03y7L39jko+zLF8U19gFU/YokK1jDP6Y4dgFWuQ1cIZ0IQOq2FeUKtyK9wLDcPF\nkrVRq9YFwDQz95JACXMuvqfgkK5Dj7fMhc1X+3Nf8oXU2PET8QVMtSkfUmSHcL0v\nWeRsGw3qxBH5JK8rC9/bBVd/msDfNzhRr/tLU1rpWlgs/elk9d2PIuYg7R/TQwKg\nVmbkRjfdjCEc2Ul4KxQP4sIXyWu0h+4dBzS0L0PU965RsnDvv9nqzqWe9UhOpAaU\ne2Jm1izjhu3NYQAAAQAHL59oT4656iRwheP8iiAEj8YFFoCyk94kaS9tCr+7EXS0\nJUI1ii/ysGDTJ1Wg5ThbDT6klA7EhDY89KQoQHd3liCwJVcMQl44PXGpOyzGuGKV\n3FfrzF9OlmoGjMfkX2XKuwjBPR5eO0KxFRDTqIORvrd4qTDEC8sNVn+y5U730aZF\niKDlgUznS6zza+TC6xMZwmTrBMu39ImKU0cISqhgd6pad/5yqVtGsU6aAcZpC/u3\ndl5qCt8TLuugZiohkaThrcPUoc+9lQqmjBHyANsdiM9E/x1+CjmquSO2wZz+ORzx\n0wRgDQb6aPMkFShvd9UnyCeCgmhB1gEMFVmFMR76AAABAQDQT3HcNlDH0AXLt5Jx\nFDen0fRjPDpZ6E4OeM5R7gij0HVRCBnppFnKuz9/won6a509B+VRTfAwqBMiwEdG\nchUI+/uAy2acYHVio/3HPacA9ISynVRsTXm8qMT2cN2OSLO2W/fqDS/yGNjk4WRU\nee7NR1WkC+zN7pBxiHk3OCdMkF02i/ex0aswH9eFB+mc2TVeRLbZm93SOToAIx/O\n71+sVyjSHPJ0/gxQSY4Ejk27zD3wCnaS78+v4NYZljGpaX9j4Vy8qeKUbE8so5td\n8eLTRbEZICwtLWPCHRRUNcgYjF3jUpnZ6Lws+eVhzsnWPR8tfICvciiPNNoLkk4u\niKxRAAABAQDqCcuu8nWGAnK1zf7YeDZGtKgXEQwLaYtyGpwwyip4UPdx2eWYo/me\ntxhJaXKg4aj0H1994F4DslkOtDkD6bStp531hUfiio9HIAGKsG6S+vzFB32VEWyX\nWjaopMWW2XfJUpg2Sf9mhtL+RyOQPNM/C0sYhNkIARPUQOrrHTIh87bLRFsikO0h\nbtZEbUIWkcRgvuYuTF/Q70OtEhCErnwTeFatQbUCAaIRqZyCmnfjpLP9CyggEG5J\n9gRDDpS3PhASydpr7VmnqG4WNNeP2kN3Cj01Bg7IksLrRjJyqb7xGjwWpH3wN0/t\n0PnoIw48TReQx4b72Uffh3mriRIycVHXAAAAAAEC\n-----END OPENSSH PRIVATE KEY-----\n",
            "private_key_pem": "-----BEGIN RSA PRIVATE KEY-----\nMIIJKQIBAAKCAgEAvnCWm6T3fTbtgtZlBVePozXNCfMbYfl5erACqvFq1DJukZYx\ndzMhe0ZmjGfBjKa0UX7jPfp49kqbd90e9iuwsMloit8ANYKF+/uTG5ka4kYLwzL8\nWsNTlwdgqQOZBsvjC40xX5n2FJV1I6i0Qkocuuo2v+sDdOOOdpmwX4dYXhKhvp2N\n8qbrIl1e6DPkqLUqo40uJ0sNB6JE0hfqwmhS0LjLQIb/s53eBXR/lDqObgwK4Sc/\n6/2VIt+msL0voeFDPN1zLL2l7DGRW3H9uR9MufCITspkqZze14NfWj3Ge79rWOIt\nTtQX5sWX6shFvgX8QBSCWUo4Nc3ThUzr4T71hrk68bkl2NEJix9gnfJzxvSk9dlC\nn2I9vnPeAXWo7Q2QWv1B0MDsXtup7GZTYoD0rJPlbdcypeO6eMhSJljEdiHiCSns\ncloedZASnmlxOV9DWIzFv90vMblNchRZPBd6SSHLupv2jxyRAcbvhqemaA31Jbqt\nIL+09ptgLEt16G+JU0TNOpLexWT/GQU8QvObGWnFMzqMfJKYhCIjqF+lT7Dvzqgj\nd05ucpLyizaBta4rTPKXFqcKIwS7SVzLGSTD537q3CJ1bPWcG0Wvs8rF/oLEA6lQ\n6w3s2JIABHywmRZNUr1DORJFShzAk4n0yEYQXp+2u8d+Qrzqb4pPEDUPWQcCAwEA\nAQKCAgEAnKCi7f4e4ugjLgHA8kTSySw9p9o/gjQZ2nMarpeCAmY8FBdQNbZi6i27\nt+y5/kE5evF+WoI/rGkuNsYxacwDNVNhXR4N4PSp19ZQZlllCAcOM4wii0+s10Fl\nGXzxBer4oI6Otg89mi5WOm7NWtvzhzOMtgnHPQLPL/I1YkxBvJVcXBbfIVxxdUEQ\nBrBvduYR3JQICp8qZ0XpjlXHaf89ZZcm67pcYdEMQrZPG42RiSb0Z7vNUf2tBBKn\n2SKwI1bO4ydLS9fquDkIUQqO4AvDIgaXRR4m7m0rxlqxONon/a0wz9it5PCBe/a1\nfI8c9S2dCuMTVfa6Bl5zgmYCdq4+ZhTvcy6Dvw8WY4RbHa1pIQnsOhrkdT0HkrUa\nes3yeSv9zYdLOSBo8VUOK3eZaLAaHxZFSh/i2m9N8uy9/Y5KPsyxfFNfYBVP2KJC\ntYwz+mOHYBVrkNXCGdCEDqthXlCrcivcCw3DxZK1UavWBcA0M/eSQAlzLr6n4JCu\nQ4+3zIXNV/tzX/KF1NjxE/EFTLUpH1Jkh3C9L1nkbBsN6sQR+SSvKwvf2wVXf5rA\n3zc4Ua/7S1Na6VpYLP3pZPXdjyLmIO0f00MCoFZm5EY33YwhHNlJeCsUD+LCF8lr\ntIfuHQc0tC9D1PeuUbJw77/Z6s6lnvVITqQGlHtiZtYs44btzWECggEBANBPcdw2\nUMfQBcu3knEUN6fR9GM8OlnoTg54zlHuCKPQdVEIGemkWcq7P3/CifprnT0H5VFN\n8DCoEyLAR0ZyFQj7+4DLZpxgdWKj/cc9pwD0hLKdVGxNebyoxPZw3Y5Is7Zb9+oN\nL/IY2OThZFR57s1HVaQL7M3ukHGIeTc4J0yQXTaL97HRqzAf14UH6ZzZNV5Ettmb\n3dI5OgAjH87vX6xXKNIc8nT+DFBJjgSOTbvMPfAKdpLvz6/g1hmWMalpf2PhXLyp\n4pRsTyyjm13x4tNFsRkgLC0tY8IdFFQ1yBiMXeNSmdnovCz55WHOydY9Hy18gK9y\nKI802guSTi6IrFECggEBAOoJy67ydYYCcrXN/th4Nka0qBcRDAtpi3IanDDKKnhQ\n93HZ5Zij+Z63GElpcqDhqPQfX33gXgOyWQ60OQPptK2nnfWFR+KKj0cgAYqwbpL6\n/MUHfZURbJdaNqikxZbZd8lSmDZJ/2aG0v5HI5A80z8LSxiE2QgBE9RA6usdMiHz\ntstEWyKQ7SFu1kRtQhaRxGC+5i5MX9DvQ60SEISufBN4Vq1BtQIBohGpnIKad+Ok\ns/0LKCAQbkn2BEMOlLc+EBLJ2mvtWaeobhY014/aQ3cKPTUGDsiSwutGMnKpvvEa\nPBakffA3T+3Q+egjDjxNF5DHhvvZR9+HeauJEjJxUdcCggEALElHjqapg+Fw6f+M\nDahbsL0NNO/ABA9EUQVT780oXxNZbbHIOIjtYhFvDY1hYjDwy+Ha2e806lNBRjkU\nriBg4nkX3ijgFszXB/KPaIVt9OEHOSYDpcbO49IJlc8m+zHvqwxgZ40ILXMk4Xwd\npWwK3e+VgHvci2d1o/18r8WrbTaf6pHVRiOqPl/2pNyqyOLQ2srHCPp/LUtnTlIp\nWAhCEdSx5AGtdjvwiD0rCULrucpRPLAsx05enCizu9rXkgnQwH5QBfgkKKPiLT5X\nMKDVNU9yuEHDwpMMy179TG3mrXliGIseFFrLbtBt+N5KwNZbw4LdpO8jOlblKGKh\nZnk+EQKCAQEAn3pBU1tgfgrZA831JKj1w0SDbgRtwrEPFpfPaue3/PifRPOIInVK\nOb7mS9ARDlP2/zMJrQrgxYAYc46Xc3Uja1nWp2FE1Lg6XesPYeRL1Ng2ukQabSPM\nbW5J5K0y/1H88DDaC9Rstv6UdDUhpL3t7P3TFEgiY/PoATCjY8cnTD94hhZ0S5+a\nFrgiRcp1yE9YE9zBmTbt67++zAaNPvxvDA1qcvFdWJqoR4TeY5jCrVqkU3/wvbi0\njq2XxeH/sMYXydXGgtjfyQFa0sL7SMkgQ9O0VZdlJ4PqUswowD2vITgRThSUxMXM\nL2/Be0+3+ZtGvZ9Y+fDbqxPz8tGalsjlTQKCAQAHL59oT4656iRwheP8iiAEj8YF\nFoCyk94kaS9tCr+7EXS0JUI1ii/ysGDTJ1Wg5ThbDT6klA7EhDY89KQoQHd3liCw\nJVcMQl44PXGpOyzGuGKV3FfrzF9OlmoGjMfkX2XKuwjBPR5eO0KxFRDTqIORvrd4\nqTDEC8sNVn+y5U730aZFiKDlgUznS6zza+TC6xMZwmTrBMu39ImKU0cISqhgd6pa\nd/5yqVtGsU6aAcZpC/u3dl5qCt8TLuugZiohkaThrcPUoc+9lQqmjBHyANsdiM9E\n/x1+CjmquSO2wZz+ORzx0wRgDQb6aPMkFShvd9UnyCeCgmhB1gEMFVmFMR76\n-----END RSA PRIVATE KEY-----\n",
            "private_key_pem_pkcs8": "-----BEGIN PRIVATE KEY-----\nMIIJQwIBADANBgkqhkiG9w0BAQEFAASCCS0wggkpAgEAAoICAQC+cJabpPd9Nu2C\n1mUFV4+jNc0J8xth+Xl6sAKq8WrUMm6RljF3MyF7RmaMZ8GMprRRfuM9+nj2Spt3\n3R72K7CwyWiK3wA1goX7+5MbmRriRgvDMvxaw1OXB2CpA5kGy+MLjTFfmfYUlXUj\nqLRCShy66ja/6wN04452mbBfh1heEqG+nY3ypusiXV7oM+SotSqjjS4nSw0HokTS\nF+rCaFLQuMtAhv+znd4FdH+UOo5uDArhJz/r/ZUi36awvS+h4UM83XMsvaXsMZFb\ncf25H0y58IhOymSpnN7Xg19aPcZ7v2tY4i1O1BfmxZfqyEW+BfxAFIJZSjg1zdOF\nTOvhPvWGuTrxuSXY0QmLH2Cd8nPG9KT12UKfYj2+c94BdajtDZBa/UHQwOxe26ns\nZlNigPSsk+Vt1zKl47p4yFImWMR2IeIJKexyWh51kBKeaXE5X0NYjMW/3S8xuU1y\nFFk8F3pJIcu6m/aPHJEBxu+Gp6ZoDfUluq0gv7T2m2AsS3Xob4lTRM06kt7FZP8Z\nBTxC85sZacUzOox8kpiEIiOoX6VPsO/OqCN3Tm5ykvKLNoG1ritM8pcWpwojBLtJ\nXMsZJMPnfurcInVs9ZwbRa+zysX+gsQDqVDrDezYkgAEfLCZFk1SvUM5EkVKHMCT\nifTIRhBen7a7x35CvOpvik8QNQ9ZBwIDAQABAoICAQCcoKLt/h7i6CMuAcDyRNLJ\nLD2n2j+CNBnacxqul4ICZjwUF1A1tmLqLbu37Ln+QTl68X5agj+saS42xjFpzAM1\nU2FdHg3g9KnX1lBmWWUIBw4zjCKLT6zXQWUZfPEF6vigjo62Dz2aLlY6bs1a2/OH\nM4y2Ccc9As8v8jViTEG8lVxcFt8hXHF1QRAGsG925hHclAgKnypnRemOVcdp/z1l\nlybrulxh0QxCtk8bjZGJJvRnu81R/a0EEqfZIrAjVs7jJ0tL1+q4OQhRCo7gC8Mi\nBpdFHibubSvGWrE42if9rTDP2K3k8IF79rV8jxz1LZ0K4xNV9roGXnOCZgJ2rj5m\nFO9zLoO/DxZjhFsdrWkhCew6GuR1PQeStRp6zfJ5K/3Nh0s5IGjxVQ4rd5losBof\nFkVKH+Lab03y7L39jko+zLF8U19gFU/YokK1jDP6Y4dgFWuQ1cIZ0IQOq2FeUKty\nK9wLDcPFkrVRq9YFwDQz95JACXMuvqfgkK5Dj7fMhc1X+3Nf8oXU2PET8QVMtSkf\nUmSHcL0vWeRsGw3qxBH5JK8rC9/bBVd/msDfNzhRr/tLU1rpWlgs/elk9d2PIuYg\n7R/TQwKgVmbkRjfdjCEc2Ul4KxQP4sIXyWu0h+4dBzS0L0PU965RsnDvv9nqzqWe\n9UhOpAaUe2Jm1izjhu3NYQKCAQEA0E9x3DZQx9AFy7eScRQ3p9H0Yzw6WehODnjO\nUe4Io9B1UQgZ6aRZyrs/f8KJ+mudPQflUU3wMKgTIsBHRnIVCPv7gMtmnGB1YqP9\nxz2nAPSEsp1UbE15vKjE9nDdjkiztlv36g0v8hjY5OFkVHnuzUdVpAvsze6QcYh5\nNzgnTJBdNov3sdGrMB/XhQfpnNk1XkS22Zvd0jk6ACMfzu9frFco0hzydP4MUEmO\nBI5Nu8w98Ap2ku/Pr+DWGZYxqWl/Y+FcvKnilGxPLKObXfHi00WxGSAsLS1jwh0U\nVDXIGIxd41KZ2ei8LPnlYc7J1j0fLXyAr3IojzTaC5JOLoisUQKCAQEA6gnLrvJ1\nhgJytc3+2Hg2RrSoFxEMC2mLchqcMMoqeFD3cdnlmKP5nrcYSWlyoOGo9B9ffeBe\nA7JZDrQ5A+m0raed9YVH4oqPRyABirBukvr8xQd9lRFsl1o2qKTFltl3yVKYNkn/\nZobS/kcjkDzTPwtLGITZCAET1EDq6x0yIfO2y0RbIpDtIW7WRG1CFpHEYL7mLkxf\n0O9DrRIQhK58E3hWrUG1AgGiEamcgpp346Sz/QsoIBBuSfYEQw6Utz4QEsnaa+1Z\np6huFjTXj9pDdwo9NQYOyJLC60Yycqm+8Ro8FqR98DdP7dD56CMOPE0XkMeG+9lH\n34d5q4kSMnFR1wKCAQAsSUeOpqmD4XDp/4wNqFuwvQ0078AED0RRBVPvzShfE1lt\nscg4iO1iEW8NjWFiMPDL4drZ7zTqU0FGORSuIGDieRfeKOAWzNcH8o9ohW304Qc5\nJgOlxs7j0gmVzyb7Me+rDGBnjQgtcyThfB2lbArd75WAe9yLZ3Wj/XyvxattNp/q\nkdVGI6o+X/ak3KrI4tDayscI+n8tS2dOUilYCEIR1LHkAa12O/CIPSsJQuu5ylE8\nsCzHTl6cKLO72teSCdDAflAF+CQoo+ItPlcwoNU1T3K4QcPCkwzLXv1MbeateWIY\nix4UWstu0G343krA1lvDgt2k7yM6VuUoYqFmeT4RAoIBAQCfekFTW2B+CtkDzfUk\nqPXDRINuBG3CsQ8Wl89q57f8+J9E84gidUo5vuZL0BEOU/b/MwmtCuDFgBhzjpdz\ndSNrWdanYUTUuDpd6w9h5EvU2Da6RBptI8xtbknkrTL/UfzwMNoL1Gy2/pR0NSGk\nve3s/dMUSCJj8+gBMKNjxydMP3iGFnRLn5oWuCJFynXIT1gT3MGZNu3rv77MBo0+\n/G8MDWpy8V1YmqhHhN5jmMKtWqRTf/C9uLSOrZfF4f+wxhfJ1caC2N/JAVrSwvtI\nySBD07RVl2Ung+pSzCjAPa8hOBFOFJTExcwvb8F7T7f5m0a9n1j58NurE/Py0ZqW\nyOVNAoIBAAcvn2hPjrnqJHCF4/yKIASPxgUWgLKT3iRpL20Kv7sRdLQlQjWKL/Kw\nYNMnVaDlOFsNPqSUDsSENjz0pChAd3eWILAlVwxCXjg9cak7LMa4YpXcV+vMX06W\nagaMx+RfZcq7CME9Hl47QrEVENOog5G+t3ipMMQLyw1Wf7LlTvfRpkWIoOWBTOdL\nrPNr5MLrExnCZOsEy7f0iYpTRwhKqGB3qlp3/nKpW0axTpoBxmkL+7d2XmoK3xMu\n66BmKiGRpOGtw9Shz72VCqaMEfIA2x2Iz0T/HX4KOaq5I7bBnP45HPHTBGANBvpo\n8yQVKG931SfIJ4KCaEHWAQwVWYUxHvo=\n-----END PRIVATE KEY-----\n",
            "public_key_fingerprint_md5": "29:8b:8b:fd:b6:6a:1f:cd:73:13:10:cf:8b:14:91:24",
            "public_key_fingerprint_sha256": "SHA256:DGSYoDRitMmZsoezpq5WPvY5uSxeayuaOS5p4ekDU9o",
            "public_key_openssh": "ssh-rsa AAAAB3NzaC1yc2EAAAADAQABAAACAQC+cJabpPd9Nu2C1mUFV4+jNc0J8xth+Xl6sAKq8WrUMm6RljF3MyF7RmaMZ8GMprRRfuM9+nj2Spt33R72K7CwyWiK3wA1goX7+5MbmRriRgvDMvxaw1OXB2CpA5kGy+MLjTFfmfYUlXUjqLRCShy66ja/6wN04452mbBfh1heEqG+nY3ypusiXV7oM+SotSqjjS4nSw0HokTSF+rCaFLQuMtAhv+znd4FdH+UOo5uDArhJz/r/ZUi36awvS+h4UM83XMsvaXsMZFbcf25H0y58IhOymSpnN7Xg19aPcZ7v2tY4i1O1BfmxZfqyEW+BfxAFIJZSjg1zdOFTOvhPvWGuTrxuSXY0QmLH2Cd8nPG9KT12UKfYj2+c94BdajtDZBa/UHQwOxe26nsZlNigPSsk+Vt1zKl47p4yFImWMR2IeIJKexyWh51kBKeaXE5X0NYjMW/3S8xuU1yFFk8F3pJIcu6m/aPHJEBxu+Gp6ZoDfUluq0gv7T2m2AsS3Xob4lTRM06kt7FZP8ZBTxC85sZacUzOox8kpiEIiOoX6VPsO/OqCN3Tm5ykvKLNoG1ritM8pcWpwojBLtJXMsZJMPnfurcInVs9ZwbRa+zysX+gsQDqVDrDezYkgAEfLCZFk1SvUM5EkVKHMCTifTIRhBen7a7x35CvOpvik8QNQ9ZBw==\n",
            "public_key_pem": "-----BEGIN PUBLIC KEY-----\nMIICIjANBgkqhkiG9w0BAQEFAAOCAg8AMIICCgKCAgEAvnCWm6T3fTbtgtZlBVeP\nozXNCfMbYfl5erACqvFq1DJukZYxdzMhe0ZmjGfBjKa0UX7jPfp49kqbd90e9iuw\nsMloit8ANYKF+/uTG5ka4kYLwzL8WsNTlwdgqQOZBsvjC40xX5n2FJV1I6i0Qkoc\nuuo2v+sDdOOOdpmwX4dYXhKhvp2N8qbrIl1e6DPkqLUqo40uJ0sNB6JE0hfqwmhS\n0LjLQIb/s53eBXR/lDqObgwK4Sc/6/2VIt+msL0voeFDPN1zLL2l7DGRW3H9uR9M\nufCITspkqZze14NfWj3Ge79rWOItTtQX5sWX6shFvgX8QBSCWUo4Nc3ThUzr4T71\nhrk68bkl2NEJix9gnfJzxvSk9dlCn2I9vnPeAXWo7Q2QWv1B0MDsXtup7GZTYoD0\nrJPlbdcypeO6eMhSJljEdiHiCSnscloedZASnmlxOV9DWIzFv90vMblNchRZPBd6\nSSHLupv2jxyRAcbvhqemaA31JbqtIL+09ptgLEt16G+JU0TNOpLexWT/GQU8QvOb\nGWnFMzqMfJKYhCIjqF+lT7Dvzqgjd05ucpLyizaBta4rTPKXFqcKIwS7SVzLGSTD\n537q3CJ1bPWcG0Wvs8rF/oLEA6lQ6w3s2JIABHywmRZNUr1DORJFShzAk4n0yEYQ\nXp+2u8d+Qrzqb4pPEDUPWQcCAwEAAQ==\n-----END PUBLIC KEY-----\n",
            "rsa_bits": 4096
          },
          "sensitive_attributes": [
            [
              {
                "type": "get_attr",
                "value": "private_key_pem_pkcs8"
              }
            ],
            [
              {
                "type": "get_attr",
                "value": "private_key_pem"
              }
            ],
            [
              {
                "type": "get_attr",
                "value": "private_key_openssh"
              }
            ]
          ]
        }
      ]
    }
  ],
  "check_results": null
}
