{
  "version": 4,
  "terraform_version": "1.10.3",
  "serial": 66,
  "lineage": "67bf338e-de8f-07ee-1f90-c03161a2ad95",
  "outputs": {},
  "resources": [
    {
      "mode": "data",
      "type": "aws_ami",
      "name": "server_ami",
      "provider": "provider[\"registry.terraform.io/hashicorp/aws\"]",
      "instances": [
        {
          "schema_version": 0,
          "attributes": {
            "architecture": "x86_64",
            "arn": "arn:aws:ec2:eu-central-1::image/ami-01a0731204136ddad",
            "block_device_mappings": [
              {
                "device_name": "/dev/sda1",
                "ebs": {
                  "delete_on_termination": "true",
                  "encrypted": "false",
                  "iops": "0",
                  "snapshot_id": "snap-069f877416d5069b6",
                  "throughput": "0",
                  "volume_size": "8",
                  "volume_type": "gp2"
                },
                "no_device": "",
                "virtual_name": ""
              },
              {
                "device_name": "/dev/sdb",
                "ebs": {},
                "no_device": "",
                "virtual_name": "ephemeral0"
              },
              {
                "device_name": "/dev/sdc",
                "ebs": {},
                "no_device": "",
                "virtual_name": "ephemeral1"
              }
            ],
            "boot_mode": "legacy-bios",
            "creation_date": "2024-11-12T11:34:48.000Z",
            "deprecation_time": "2026-11-12T11:34:48.000Z",
            "description": "Canonical, Ubuntu, 20.04 LTS, amd64 focal image build on 2024-11-12",
            "ena_support": true,
            "executable_users": null,
            "filter": [
              {
                "name": "name",
                "values": [
                  "ubuntu/images/hvm-ssd/ubuntu-focal-20.04-amd64-server-*"
                ]
              }
            ],
            "hypervisor": "xen",
            "id": "ami-01a0731204136ddad",
            "image_id": "ami-01a0731204136ddad",
            "image_location": "amazon/ubuntu/images/hvm-ssd/ubuntu-focal-20.04-amd64-server-20241112",
            "image_owner_alias": "amazon",
            "image_type": "machine",
            "imds_support": "",
            "include_deprecated": false,
            "kernel_id": "",
            "most_recent": true,
            "name": "ubuntu/images/hvm-ssd/ubuntu-focal-20.04-amd64-server-20241112",
            "name_regex": null,
            "owner_id": "099720109477",
            "owners": [
              "099720109477"
            ],
            "platform": "",
            "platform_details": "Linux/UNIX",
            "product_codes": [],
            "public": true,
            "ramdisk_id": "",
            "root_device_name": "/dev/sda1",
            "root_device_type": "ebs",
            "root_snapshot_id": "snap-069f877416d5069b6",
            "sriov_net_support": "simple",
            "state": "available",
            "state_reason": {
              "code": "UNSET",
              "message": "UNSET"
            },
            "tags": {},
            "timeouts": null,
            "tpm_support": "",
            "usage_operation": "RunInstances",
            "virtualization_type": "hvm"
          },
          "sensitive_attributes": []
        }
      ]
    },
    {
      "mode": "managed",
      "type": "aws_instance",
      "name": "ec2_dev",
      "provider": "provider[\"registry.terraform.io/hashicorp/aws\"]",
      "instances": [
        {
          "schema_version": 1,
          "attributes": {
            "ami": "ami-01a0731204136ddad",
            "arn": "arn:aws:ec2:eu-central-1:688567273536:instance/i-08c991a0a04d43d4b",
            "associate_public_ip_address": true,
            "availability_zone": "eu-central-1a",
            "capacity_reservation_specification": [
              {
                "capacity_reservation_preference": "open",
                "capacity_reservation_target": []
              }
            ],
            "cpu_core_count": 2,
            "cpu_options": [
              {
                "amd_sev_snp": "",
                "core_count": 2,
                "threads_per_core": 1
              }
            ],
            "cpu_threads_per_core": 1,
            "credit_specification": [
              {
                "cpu_credits": "standard"
              }
            ],
            "disable_api_stop": false,
            "disable_api_termination": false,
            "ebs_block_device": [],
            "ebs_optimized": false,
            "enable_primary_ipv6": null,
            "enclave_options": [
              {
                "enabled": false
              }
            ],
            "ephemeral_block_device": [],
            "get_password_data": false,
            "hibernation": false,
            "host_id": "",
            "host_resource_group_arn": null,
            "iam_instance_profile": "",
            "id": "i-08c991a0a04d43d4b",
            "instance_initiated_shutdown_behavior": "stop",
            "instance_lifecycle": "",
            "instance_market_options": [],
            "instance_state": "running",
            "instance_type": "t2.medium",
            "ipv6_address_count": 0,
            "ipv6_addresses": [],
            "key_name": "web_tier_EC2_rsa_key",
            "launch_template": [],
            "maintenance_options": [
              {
                "auto_recovery": "default"
              }
            ],
            "metadata_options": [
              {
                "http_endpoint": "enabled",
                "http_protocol_ipv6": "disabled",
                "http_put_response_hop_limit": 1,
                "http_tokens": "optional",
                "instance_metadata_tags": "disabled"
              }
            ],
            "monitoring": false,
            "network_interface": [],
            "outpost_arn": "",
            "password_data": "",
            "placement_group": "",
            "placement_partition_number": 0,
            "primary_network_interface_id": "eni-0cd362db22825a70e",
            "private_dns": "ip-10-0-1-16.eu-central-1.compute.internal",
            "private_dns_name_options": [
              {
                "enable_resource_name_dns_a_record": false,
                "enable_resource_name_dns_aaaa_record": false,
                "hostname_type": "ip-name"
              }
            ],
            "private_ip": "10.0.1.16",
            "public_dns": "ec2-18-185-105-121.eu-central-1.compute.amazonaws.com",
            "public_ip": "18.185.105.121",
            "root_block_device": [
              {
                "delete_on_termination": true,
                "device_name": "/dev/sda1",
                "encrypted": false,
                "iops": 100,
                "kms_key_id": "",
                "tags": null,
                "tags_all": {},
                "throughput": 0,
                "volume_id": "vol-0fda4ff9f1c691a9a",
                "volume_size": 20,
                "volume_type": "gp2"
              }
            ],
            "secondary_private_ips": [],
            "security_groups": [],
            "source_dest_check": true,
            "spot_instance_request_id": "",
            "subnet_id": "subnet-02ef1a5ea0b230b03",
            "tags": {
              "Name": "server"
            },
            "tags_all": {
              "Name": "server"
            },
            "tenancy": "default",
            "timeouts": null,
            "user_data": "1c774e7696e6200bc1c084c7430924fa036634ac",
            "user_data_base64": null,
            "user_data_replace_on_change": false,
            "volume_tags": null,
            "vpc_security_group_ids": [
              "sg-0badcbd0af8963bfa"
            ]
          },
          "sensitive_attributes": [],
          "private": "eyJlMmJmYjczMC1lY2FhLTExZTYtOGY4OC0zNDM2M2JjN2M0YzAiOnsiY3JlYXRlIjo2MDAwMDAwMDAwMDAsImRlbGV0ZSI6MTIwMDAwMDAwMDAwMCwicmVhZCI6OTAwMDAwMDAwMDAwLCJ1cGRhdGUiOjYwMDAwMDAwMDAwMH0sInNjaGVtYV92ZXJzaW9uIjoiMSJ9",
          "dependencies": [
            "aws_security_group.my_sg",
            "aws_subnet.my_public_subnet",
            "aws_vpc.my_vpc",
            "data.aws_ami.server_ami"
          ]
        }
      ]
    },
    {
      "mode": "managed",
      "type": "aws_internet_gateway",
      "name": "my_internet_gateway",
      "provider": "provider[\"registry.terraform.io/hashicorp/aws\"]",
      "instances": [
        {
          "schema_version": 0,
          "attributes": {
            "arn": "arn:aws:ec2:eu-central-1:688567273536:internet-gateway/igw-027a9b4bbb3fe8b54",
            "id": "igw-027a9b4bbb3fe8b54",
            "owner_id": "688567273536",
            "tags": {
              "Name": "dev-igw"
            },
            "tags_all": {
              "Name": "dev-igw"
            },
            "timeouts": null,
            "vpc_id": "vpc-0cc0470fc8d5bfd1d"
          },
          "sensitive_attributes": [],
          "private": "eyJlMmJmYjczMC1lY2FhLTExZTYtOGY4OC0zNDM2M2JjN2M0YzAiOnsiY3JlYXRlIjoxMjAwMDAwMDAwMDAwLCJkZWxldGUiOjEyMDAwMDAwMDAwMDAsInVwZGF0ZSI6MTIwMDAwMDAwMDAwMH19",
          "dependencies": [
            "aws_vpc.my_vpc"
          ]
        }
      ]
    },
    {
      "mode": "managed",
      "type": "aws_key_pair",
      "name": "web_tier_EC2_rsa_key",
      "provider": "provider[\"registry.terraform.io/hashicorp/aws\"]",
      "instances": [
        {
          "schema_version": 1,
          "attributes": {
            "arn": "arn:aws:ec2:eu-central-1:688567273536:key-pair/web_tier_EC2_rsa_key",
            "fingerprint": "24:24:4b:ec:72:4b:b6:87:05:83:bf:36:e0:bd:93:c8",
            "id": "web_tier_EC2_rsa_key",
            "key_name": "web_tier_EC2_rsa_key",
            "key_name_prefix": "",
            "key_pair_id": "key-0ed12191a147671db",
            "key_type": "rsa",
            "public_key": "ssh-rsa AAAAB3NzaC1yc2EAAAADAQABAAACAQDakOGvRFF0GEte41zqTgZKXoHhQubhtzWEUEqmm+3d8LfxZC47GYDzyEXko7y+8VYvEujz13lwxww3CXPVggpaw6PtEOHpQKGhz2lLYOsqsdfXrZ9qVDFzKJ3e+bCmnmVSAlAbKZe9YGHPXdJiWIfGqW5n8AMPs1L2PL/jomNnvgr92gKAFHCO6+W1Ot47L8g5u9s5PhcWGmyndDlm1GpjN+482WoF91j+JizE111XR/H/xn1xDStknVI2bdWvRlRtSC/r12BdBC2GU2a4/6/1+89cKRvZrHUgdAGUPp57dByqz8gUn0vnEDXnDKFLOwssSj5R/6wjll+IqkJpK6i5aJO6qWlBSJ7Rw0u8FBm6tVIyrUkkWDTFez+a358+i7Y/r+NhicOiQcL4mnqa6YTdevpqE6WlhrnFhSEqOHOAq24EBvEeN9S8n1plIlr/e1C3roK30oqfarMaDkq1W/WAueo/HrUTwzr9is/gBasW9brEiO23mdlpe0udwY0tb1ez3XIeaomjN2xW411kTRyTNaQNL+zexhLa+M0lrTSruOZ7waMuTl+YMOYVm3HEj5utqj3dEXniVvniGITvw2Q6JkhRYewCN5MP0UkiK+WREb07+37un77xQ/aKuB5pQl3tXqiKZZSBdmAyDQNyLiRO+VIjd0gWqYPX0S915SVhRQ==",
            "tags": null,
            "tags_all": {}
          },
          "sensitive_attributes": [],
          "private": "eyJzY2hlbWFfdmVyc2lvbiI6IjEifQ==",
          "dependencies": [
            "tls_private_key.public_key"
          ]
        }
      ]
    },
    {
      "mode": "managed",
      "type": "aws_route",
      "name": "default_route",
      "provider": "provider[\"registry.terraform.io/hashicorp/aws\"]",
      "instances": [
        {
          "schema_version": 0,
          "attributes": {
            "carrier_gateway_id": "",
            "core_network_arn": "",
            "destination_cidr_block": "0.0.0.0/0",
            "destination_ipv6_cidr_block": "",
            "destination_prefix_list_id": "",
            "egress_only_gateway_id": "",
            "gateway_id": "igw-027a9b4bbb3fe8b54",
            "id": "r-rtb-01aa7bc8cfdd4fc9a1080289494",
            "instance_id": "",
            "instance_owner_id": "",
            "local_gateway_id": "",
            "nat_gateway_id": "",
            "network_interface_id": "",
            "origin": "CreateRoute",
            "route_table_id": "rtb-01aa7bc8cfdd4fc9a",
            "state": "active",
            "timeouts": null,
            "transit_gateway_id": "",
            "vpc_endpoint_id": "",
            "vpc_peering_connection_id": ""
          },
          "sensitive_attributes": [],
          "private": "eyJlMmJmYjczMC1lY2FhLTExZTYtOGY4OC0zNDM2M2JjN2M0YzAiOnsiY3JlYXRlIjozMDAwMDAwMDAwMDAsImRlbGV0ZSI6MzAwMDAwMDAwMDAwLCJ1cGRhdGUiOjEyMDAwMDAwMDAwMH19",
          "dependencies": [
            "aws_internet_gateway.my_internet_gateway",
            "aws_route_table.my_public_rt",
            "aws_vpc.my_vpc"
          ]
        }
      ]
    },
    {
      "mode": "managed",
      "type": "aws_route_table",
      "name": "my_public_rt",
      "provider": "provider[\"registry.terraform.io/hashicorp/aws\"]",
      "instances": [
        {
          "schema_version": 0,
          "attributes": {
            "arn": "arn:aws:ec2:eu-central-1:688567273536:route-table/rtb-01aa7bc8cfdd4fc9a",
            "id": "rtb-01aa7bc8cfdd4fc9a",
            "owner_id": "688567273536",
            "propagating_vgws": [],
            "route": [],
            "tags": {
              "Name": "dev_public_rt"
            },
            "tags_all": {
              "Name": "dev_public_rt"
            },
            "timeouts": null,
            "vpc_id": "vpc-0cc0470fc8d5bfd1d"
          },
          "sensitive_attributes": [],
          "private": "eyJlMmJmYjczMC1lY2FhLTExZTYtOGY4OC0zNDM2M2JjN2M0YzAiOnsiY3JlYXRlIjozMDAwMDAwMDAwMDAsImRlbGV0ZSI6MzAwMDAwMDAwMDAwLCJ1cGRhdGUiOjEyMDAwMDAwMDAwMH19",
          "dependencies": [
            "aws_vpc.my_vpc"
          ]
        }
      ]
    },
    {
      "mode": "managed",
      "type": "aws_route_table_association",
      "name": "my_public_assoc",
      "provider": "provider[\"registry.terraform.io/hashicorp/aws\"]",
      "instances": [
        {
          "schema_version": 0,
          "attributes": {
            "gateway_id": "",
            "id": "rtbassoc-0c2e625e88475470a",
            "route_table_id": "rtb-01aa7bc8cfdd4fc9a",
            "subnet_id": "subnet-02ef1a5ea0b230b03",
            "timeouts": null
          },
          "sensitive_attributes": [],
          "private": "eyJlMmJmYjczMC1lY2FhLTExZTYtOGY4OC0zNDM2M2JjN2M0YzAiOnsiY3JlYXRlIjozMDAwMDAwMDAwMDAsImRlbGV0ZSI6MzAwMDAwMDAwMDAwLCJ1cGRhdGUiOjEyMDAwMDAwMDAwMH19",
          "dependencies": [
            "aws_route_table.my_public_rt",
            "aws_subnet.my_public_subnet",
            "aws_vpc.my_vpc"
          ]
        }
      ]
    },
    {
      "mode": "managed",
      "type": "aws_security_group",
      "name": "my_sg",
      "provider": "provider[\"registry.terraform.io/hashicorp/aws\"]",
      "instances": [
        {
          "schema_version": 1,
          "attributes": {
            "arn": "arn:aws:ec2:eu-central-1:688567273536:security-group/sg-0badcbd0af8963bfa",
            "description": "dev security group",
            "egress": [
              {
                "cidr_blocks": [
                  "0.0.0.0/0"
                ],
                "description": "",
                "from_port": 0,
                "ipv6_cidr_blocks": [],
                "prefix_list_ids": [],
                "protocol": "-1",
                "security_groups": [],
                "self": false,
                "to_port": 0
              }
            ],
            "id": "sg-0badcbd0af8963bfa",
            "ingress": [
              {
                "cidr_blocks": [
                  "0.0.0.0/0"
                ],
                "description": "",
                "from_port": 0,
                "ipv6_cidr_blocks": [],
                "prefix_list_ids": [],
                "protocol": "-1",
                "security_groups": [],
                "self": false,
                "to_port": 0
              }
            ],
            "name": "dev_sg",
            "name_prefix": "",
            "owner_id": "688567273536",
            "revoke_rules_on_delete": false,
            "tags": null,
            "tags_all": {},
            "timeouts": null,
            "vpc_id": "vpc-0cc0470fc8d5bfd1d"
          },
          "sensitive_attributes": [],
          "private": "eyJlMmJmYjczMC1lY2FhLTExZTYtOGY4OC0zNDM2M2JjN2M0YzAiOnsiY3JlYXRlIjo2MDAwMDAwMDAwMDAsImRlbGV0ZSI6OTAwMDAwMDAwMDAwfSwic2NoZW1hX3ZlcnNpb24iOiIxIn0=",
          "dependencies": [
            "aws_vpc.my_vpc"
          ]
        }
      ]
    },
    {
      "mode": "managed",
      "type": "aws_subnet",
      "name": "my_public_subnet",
      "provider": "provider[\"registry.terraform.io/hashicorp/aws\"]",
      "instances": [
        {
          "schema_version": 1,
          "attributes": {
            "arn": "arn:aws:ec2:eu-central-1:688567273536:subnet/subnet-02ef1a5ea0b230b03",
            "assign_ipv6_address_on_creation": false,
            "availability_zone": "eu-central-1a",
            "availability_zone_id": "euc1-az2",
            "cidr_block": "10.0.1.0/24",
            "customer_owned_ipv4_pool": "",
            "enable_dns64": false,
            "enable_lni_at_device_index": 0,
            "enable_resource_name_dns_a_record_on_launch": false,
            "enable_resource_name_dns_aaaa_record_on_launch": false,
            "id": "subnet-02ef1a5ea0b230b03",
            "ipv6_cidr_block": "",
            "ipv6_cidr_block_association_id": "",
            "ipv6_native": false,
            "map_customer_owned_ip_on_launch": false,
            "map_public_ip_on_launch": true,
            "outpost_arn": "",
            "owner_id": "688567273536",
            "private_dns_hostname_type_on_launch": "ip-name",
            "tags": {
              "Name": "dev-public"
            },
            "tags_all": {
              "Name": "dev-public"
            },
            "timeouts": null,
            "vpc_id": "vpc-0cc0470fc8d5bfd1d"
          },
          "sensitive_attributes": [],
          "private": "eyJlMmJmYjczMC1lY2FhLTExZTYtOGY4OC0zNDM2M2JjN2M0YzAiOnsiY3JlYXRlIjo2MDAwMDAwMDAwMDAsImRlbGV0ZSI6MTIwMDAwMDAwMDAwMH0sInNjaGVtYV92ZXJzaW9uIjoiMSJ9",
          "dependencies": [
            "aws_vpc.my_vpc"
          ]
        }
      ]
    },
    {
      "mode": "managed",
      "type": "aws_vpc",
      "name": "my_vpc",
      "provider": "provider[\"registry.terraform.io/hashicorp/aws\"]",
      "instances": [
        {
          "schema_version": 1,
          "attributes": {
            "arn": "arn:aws:ec2:eu-central-1:688567273536:vpc/vpc-0cc0470fc8d5bfd1d",
            "assign_generated_ipv6_cidr_block": false,
            "cidr_block": "10.0.0.0/16",
            "default_network_acl_id": "acl-095999222396211ed",
            "default_route_table_id": "rtb-00e8025a40e185b49",
            "default_security_group_id": "sg-086a48df066253e93",
            "dhcp_options_id": "dopt-03a56c887c0d14f20",
            "enable_dns_hostnames": true,
            "enable_dns_support": true,
            "enable_network_address_usage_metrics": false,
            "id": "vpc-0cc0470fc8d5bfd1d",
            "instance_tenancy": "default",
            "ipv4_ipam_pool_id": null,
            "ipv4_netmask_length": null,
            "ipv6_association_id": "",
            "ipv6_cidr_block": "",
            "ipv6_cidr_block_network_border_group": "",
            "ipv6_ipam_pool_id": "",
            "ipv6_netmask_length": 0,
            "main_route_table_id": "rtb-00e8025a40e185b49",
            "owner_id": "688567273536",
            "tags": {
              "Name": "ec2_vpc"
            },
            "tags_all": {
              "Name": "ec2_vpc"
            }
          },
          "sensitive_attributes": [],
          "private": "eyJzY2hlbWFfdmVyc2lvbiI6IjEifQ=="
        }
      ]
    },
    {
      "mode": "managed",
      "type": "tls_private_key",
      "name": "public_key",
      "provider": "provider[\"registry.terraform.io/hashicorp/tls\"]",
      "instances": [
        {
          "schema_version": 1,
          "attributes": {
            "algorithm": "RSA",
            "ecdsa_curve": "P224",
            "id": "747d55dddf134888f735fe8405694bc74cd8f7b4",
            "private_key_openssh": "-----BEGIN OPENSSH PRIVATE KEY-----\nb3BlbnNzaC1rZXktdjEAAAAABG5vbmUAAAAEbm9uZQAAAAAAAAABAAACFwAAAAdz\nc2gtcnNhAAAAAwEAAQAAAgEA2pDhr0RRdBhLXuNc6k4GSl6B4ULm4bc1hFBKppvt\n3fC38WQuOxmA88hF5KO8vvFWLxLo89d5cMcMNwlz1YIKWsOj7RDh6UChoc9pS2Dr\nKrHX162falQxcyid3vmwpp5lUgJQGymXvWBhz13SYliHxqluZ/ADD7NS9jy/46Jj\nZ74K/doCgBRwjuvltTreOy/IObvbOT4XFhpsp3Q5ZtRqYzfuPNlqBfdY/iYsxNdd\nV0fx/8Z9cQ0rZJ1SNm3Vr0ZUbUgv69dgXQQthlNmuP+v9fvPXCkb2ax1IHQBlD6e\ne3Qcqs/IFJ9L5xA15wyhSzsLLEo+Uf+sI5ZfiKpCaSuouWiTuqlpQUie0cNLvBQZ\nurVSMq1JJFg0xXs/mt+fPou2P6/jYYnDokHC+Jp6mumE3Xr6ahOlpYa5xYUhKjhz\ngKtuBAbxHjfUvJ9aZSJa/3tQt66Ct9KKn2qzGg5KtVv1gLnqPx61E8M6/YrP4AWr\nFvW6xIjtt5nZaXtLncGNLW9Xs91yHmqJozdsVuNdZE0ckzWkDS/s3sYS2vjNJa00\nq7jme8GjLk5fmDDmFZtxxI+brao93RF54lb54hiE78NkOiZIUWHsAjeTD9FJIivl\nkRG9O/t+7p++8UP2irgeaUJd7V6oimWUgXZgMg0Dci4kTvlSI3dIFqmD19EvdeUl\nYUUAAAc4oGHCWKBhwlgAAAAHc3NoLXJzYQAAAgEA2pDhr0RRdBhLXuNc6k4GSl6B\n4ULm4bc1hFBKppvt3fC38WQuOxmA88hF5KO8vvFWLxLo89d5cMcMNwlz1YIKWsOj\n7RDh6UChoc9pS2DrKrHX162falQxcyid3vmwpp5lUgJQGymXvWBhz13SYliHxqlu\nZ/ADD7NS9jy/46JjZ74K/doCgBRwjuvltTreOy/IObvbOT4XFhpsp3Q5ZtRqYzfu\nPNlqBfdY/iYsxNddV0fx/8Z9cQ0rZJ1SNm3Vr0ZUbUgv69dgXQQthlNmuP+v9fvP\nXCkb2ax1IHQBlD6ee3Qcqs/IFJ9L5xA15wyhSzsLLEo+Uf+sI5ZfiKpCaSuouWiT\nuqlpQUie0cNLvBQZurVSMq1JJFg0xXs/mt+fPou2P6/jYYnDokHC+Jp6mumE3Xr6\nahOlpYa5xYUhKjhzgKtuBAbxHjfUvJ9aZSJa/3tQt66Ct9KKn2qzGg5KtVv1gLnq\nPx61E8M6/YrP4AWrFvW6xIjtt5nZaXtLncGNLW9Xs91yHmqJozdsVuNdZE0ckzWk\nDS/s3sYS2vjNJa00q7jme8GjLk5fmDDmFZtxxI+brao93RF54lb54hiE78NkOiZI\nUWHsAjeTD9FJIivlkRG9O/t+7p++8UP2irgeaUJd7V6oimWUgXZgMg0Dci4kTvlS\nI3dIFqmD19EvdeUlYUUAAAADAQABAAACAEjc89/SDrV9Q+MmONuDl2VDjFjkTMQC\np7ysZ7aTVQEgNrIqi574KZ0brvFCBLJDElAvJanks399W/0dEZij+X+4qPVnI2j3\nOusOkjOm478f+qzUHMj9uF6Ds92Zr+Jb+7sTOlFT1Fo1v2W6CWDv0pPP+BZ+VQbu\n6UFdjzr779et60wlWaAJMFz1F2cLcPqaO03D6plysY+Uz5Qjkt9NAQqCotF2SXoj\ns29GmrYkdeGbAnoaWcdOdKDeMYIjq5D7CTpFTnR5II7hzatyMlSKKMcAY2h96+Lt\nMz7WbZBWL89ILiZjjngRguRM6ytTcpH55Qem2I/NhD146/BLkkgtXdmTzXUH9EBf\nnh8WNsSxMW+yjdnkx8JNijdj+UU+fhAJGuZ3ZzjTqsdaDy7D5FfPWlzBSEpYOw+C\n47krwtGry57CqNPstPN2UnjQTKDJACulYNDKl21pRquMivmQBG4wj8QQ564/jOyt\nwqqXbMZKSq92b83oFrvSVcXWtu8qPS2+xV9v6Zb9gWDM9mEEfbg3SzwPebem6+HM\nPdI9R8SzeY8ttko/Z5Nte1dQrf3r+oJPDCxOyCDH6+GT7UAPKNOwzZXgGfTPuIrN\nYI+0YXVO7eYTkyez6lzabEY2Rf2Q0BKn1GwQENHi1x/dpTJpJGrI5ER51VjckCAY\nQw4j76edjvUBAAABAQDpTD/nF+jbgDg4Lcl+d42VWTV4E+IIJaKAABQm2+jR+4ar\nmriGgGiPIATGXdfgYaDsrQiZvPPMXuiTWedfD29X30evXpR4rHV8Dta2Ss+2ACPp\n7hS7h7bUU5KGdB1TiVDibLXje5XVhIfmDpDfBAn+tfQeRkIF5+M7Vfg9Q5KMCHb4\nYGfrZBL8tq3EZWW+vxdjDRWrdzo0qX4efVl1z66gWuKTvC+48Us/NiDmni5ZH7AN\nQlKQnjUx0lxylMoDBwmMOPDtmkKPxlR7X1WSrLOugwFd85tm/xtDWf3NQzQnuVOY\n2o5DXvEWFPTngdVs9YY6liqlvGH1XHzn4UPp/Yt5AAABAQD0poflELFHFhDeELEs\nvz5413tFqKAYLtqkTMYGSr+ecjyg7M76eFiOLro9aZW8cF/MB3/uAqtcEgNelpUH\nxc/79o/1/ZzlgNe9p5MXsFTzmrUwTGgN5eH+hJeEVzn3v5e95LxkP+gTvBDyu7id\nCMtDX3TxGuZeLSutt4YtQ9pmaHoFFueMION7knkJg3XkPzTxqqe9LyzrM/rM/1//\nTDhcJ2mvvmoVSBxAHy1AVPGgZ9hhjowtTJKWKoRyrwfZMn3rTVOPf5vrRDauNqcs\nWKZNpUL+REk8giSAYMnYDWBSi+eI6x1PugJ27vLC3Tz/l58USHaTJ3oglinsVtFA\n9O4dAAABAQDktJIJIpC156HRMhp2+5yHf7nnp47HzB3ayLqC3UcRghJnkrz9TQiX\nGYe5jM4ztcRRzrBl4MECl057s/OZ4odd6zyyE9fNzjumrFb9oDTqvYe/05rYL+KZ\nYYag2MmaylZ2lnC9U5AMTf0RSkSShg9Q4I5mLnKjbDdIUfACAN1Yw2CXSiqxgQwO\ncb8qMzV/mk5MV80dlcDyB0t3JWT/MyERgQQhPtDphaobRaiXMadr5H2yjrM49K0G\neLRl5T7iliUOpOHGRLf3/2Rf5RdZgHwjIU7dVXI+epDtz9OLEsZ6MHc0u89HzedF\n39uqPriig+gQ+tVFIp5/tIR5Kp9stndJAAAAAAEC\n-----END OPENSSH PRIVATE KEY-----\n",
            "private_key_pem": "-----BEGIN RSA PRIVATE KEY-----\nMIIJKQIBAAKCAgEA2pDhr0RRdBhLXuNc6k4GSl6B4ULm4bc1hFBKppvt3fC38WQu\nOxmA88hF5KO8vvFWLxLo89d5cMcMNwlz1YIKWsOj7RDh6UChoc9pS2DrKrHX162f\nalQxcyid3vmwpp5lUgJQGymXvWBhz13SYliHxqluZ/ADD7NS9jy/46JjZ74K/doC\ngBRwjuvltTreOy/IObvbOT4XFhpsp3Q5ZtRqYzfuPNlqBfdY/iYsxNddV0fx/8Z9\ncQ0rZJ1SNm3Vr0ZUbUgv69dgXQQthlNmuP+v9fvPXCkb2ax1IHQBlD6ee3Qcqs/I\nFJ9L5xA15wyhSzsLLEo+Uf+sI5ZfiKpCaSuouWiTuqlpQUie0cNLvBQZurVSMq1J\nJFg0xXs/mt+fPou2P6/jYYnDokHC+Jp6mumE3Xr6ahOlpYa5xYUhKjhzgKtuBAbx\nHjfUvJ9aZSJa/3tQt66Ct9KKn2qzGg5KtVv1gLnqPx61E8M6/YrP4AWrFvW6xIjt\nt5nZaXtLncGNLW9Xs91yHmqJozdsVuNdZE0ckzWkDS/s3sYS2vjNJa00q7jme8Gj\nLk5fmDDmFZtxxI+brao93RF54lb54hiE78NkOiZIUWHsAjeTD9FJIivlkRG9O/t+\n7p++8UP2irgeaUJd7V6oimWUgXZgMg0Dci4kTvlSI3dIFqmD19EvdeUlYUUCAwEA\nAQKCAgBI3PPf0g61fUPjJjjbg5dlQ4xY5EzEAqe8rGe2k1UBIDayKoue+CmdG67x\nQgSyQxJQLyWp5LN/fVv9HRGYo/l/uKj1ZyNo9zrrDpIzpuO/H/qs1BzI/bheg7Pd\nma/iW/u7EzpRU9RaNb9luglg79KTz/gWflUG7ulBXY86++/XretMJVmgCTBc9Rdn\nC3D6mjtNw+qZcrGPlM+UI5LfTQEKgqLRdkl6I7NvRpq2JHXhmwJ6GlnHTnSg3jGC\nI6uQ+wk6RU50eSCO4c2rcjJUiijHAGNofevi7TM+1m2QVi/PSC4mY454EYLkTOsr\nU3KR+eUHptiPzYQ9eOvwS5JILV3Zk811B/RAX54fFjbEsTFvso3Z5MfCTYo3Y/lF\nPn4QCRrmd2c406rHWg8uw+RXz1pcwUhKWDsPguO5K8LRq8uewqjT7LTzdlJ40Eyg\nyQArpWDQypdtaUarjIr5kARuMI/EEOeuP4zsrcKql2zGSkqvdm/N6Ba70lXF1rbv\nKj0tvsVfb+mW/YFgzPZhBH24N0s8D3m3puvhzD3SPUfEs3mPLbZKP2eTbXtXUK39\n6/qCTwwsTsggx+vhk+1ADyjTsM2V4Bn0z7iKzWCPtGF1Tu3mE5Mns+pc2mxGNkX9\nkNASp9RsEBDR4tcf3aUyaSRqyOREedVY3JAgGEMOI++nnY71AQKCAQEA9KaH5RCx\nRxYQ3hCxLL8+eNd7RaigGC7apEzGBkq/nnI8oOzO+nhYji66PWmVvHBfzAd/7gKr\nXBIDXpaVB8XP+/aP9f2c5YDXvaeTF7BU85q1MExoDeXh/oSXhFc597+XveS8ZD/o\nE7wQ8ru4nQjLQ1908RrmXi0rrbeGLUPaZmh6BRbnjCDje5J5CYN15D808aqnvS8s\n6zP6zP9f/0w4XCdpr75qFUgcQB8tQFTxoGfYYY6MLUySliqEcq8H2TJ9601Tj3+b\n60Q2rjanLFimTaVC/kRJPIIkgGDJ2A1gUovniOsdT7oCdu7ywt08/5efFEh2kyd6\nIJYp7FbRQPTuHQKCAQEA5LSSCSKQteeh0TIadvuch3+556eOx8wd2si6gt1HEYIS\nZ5K8/U0IlxmHuYzOM7XEUc6wZeDBApdOe7PzmeKHXes8shPXzc47pqxW/aA06r2H\nv9Oa2C/imWGGoNjJmspWdpZwvVOQDE39EUpEkoYPUOCOZi5yo2w3SFHwAgDdWMNg\nl0oqsYEMDnG/KjM1f5pOTFfNHZXA8gdLdyVk/zMhEYEEIT7Q6YWqG0WolzGna+R9\nso6zOPStBni0ZeU+4pYlDqThxkS39/9kX+UXWYB8IyFO3VVyPnqQ7c/TixLGejB3\nNLvPR83nRd/bqj64ooPoEPrVRSKef7SEeSqfbLZ3SQKCAQA6Lsiu33NptoO4bDvW\nqnzO/GAixuGcHrh8zo1hvbEom35zvx3ST4Cv/8jnBg9IS2lc+oOgNR5PvTDz89fp\ni0/VWmQOWoxPwH6OaiX/Qj5R2P8yR1mPxJYkk5/9J0lv9C7ASH/NT61/1AAr2h0j\nq427rh3/oSgcSZ3TqIvOhA6SwFIUl8fleYTgRItoic0lxSpwNufBhFCodyo0Sp+n\n9ZaJxA3Mb/qGqSmezktSu2Djhw7c1KvdshJCiEYLiDjTnMB5j2BKBk0sfIKMmA7V\n6xdR6/WsxsysCT9pEJuwOC4qM3+S/mdwKIqhgl5VnYv+NS7uAfXBNWhEC7JYtKT7\nT8S5AoIBAQDeEWMXUaO3rSEXcpH15Bw6CVBm2fCumciHTo6jUN6X5neecAHn5iuo\nI9cA2PLDjQQB9zKayaA/ttEzFik7y5RrImW997x8jnqnPQH+pNec8slj/sCEmAJr\nsiG5/qXLEhrgbPUtMH1XJUbLyhRJPbiTbGd4WjNf8UzAgScNmu9SJ+ubGx3XWxls\n0Q+wlyakLx1FzZ9R0b4Wg/THzNyDW48JYv+ylD7f8LSaZIntvP32qldO0Ha/n/x9\noyhvJChqdSWoUXsUPFdxi19YKacBdduTdN0R1szmU7Zz429hw6pKrNKitpXu/8RH\nubSeWuaGjpQAIL6Csbm7AHn8+ODx+z5ZAoIBAQDpTD/nF+jbgDg4Lcl+d42VWTV4\nE+IIJaKAABQm2+jR+4armriGgGiPIATGXdfgYaDsrQiZvPPMXuiTWedfD29X30ev\nXpR4rHV8Dta2Ss+2ACPp7hS7h7bUU5KGdB1TiVDibLXje5XVhIfmDpDfBAn+tfQe\nRkIF5+M7Vfg9Q5KMCHb4YGfrZBL8tq3EZWW+vxdjDRWrdzo0qX4efVl1z66gWuKT\nvC+48Us/NiDmni5ZH7ANQlKQnjUx0lxylMoDBwmMOPDtmkKPxlR7X1WSrLOugwFd\n85tm/xtDWf3NQzQnuVOY2o5DXvEWFPTngdVs9YY6liqlvGH1XHzn4UPp/Yt5\n-----END RSA PRIVATE KEY-----\n",
            "private_key_pem_pkcs8": "-----BEGIN PRIVATE KEY-----\nMIIJQwIBADANBgkqhkiG9w0BAQEFAASCCS0wggkpAgEAAoICAQDakOGvRFF0GEte\n41zqTgZKXoHhQubhtzWEUEqmm+3d8LfxZC47GYDzyEXko7y+8VYvEujz13lwxww3\nCXPVggpaw6PtEOHpQKGhz2lLYOsqsdfXrZ9qVDFzKJ3e+bCmnmVSAlAbKZe9YGHP\nXdJiWIfGqW5n8AMPs1L2PL/jomNnvgr92gKAFHCO6+W1Ot47L8g5u9s5PhcWGmyn\ndDlm1GpjN+482WoF91j+JizE111XR/H/xn1xDStknVI2bdWvRlRtSC/r12BdBC2G\nU2a4/6/1+89cKRvZrHUgdAGUPp57dByqz8gUn0vnEDXnDKFLOwssSj5R/6wjll+I\nqkJpK6i5aJO6qWlBSJ7Rw0u8FBm6tVIyrUkkWDTFez+a358+i7Y/r+NhicOiQcL4\nmnqa6YTdevpqE6WlhrnFhSEqOHOAq24EBvEeN9S8n1plIlr/e1C3roK30oqfarMa\nDkq1W/WAueo/HrUTwzr9is/gBasW9brEiO23mdlpe0udwY0tb1ez3XIeaomjN2xW\n411kTRyTNaQNL+zexhLa+M0lrTSruOZ7waMuTl+YMOYVm3HEj5utqj3dEXniVvni\nGITvw2Q6JkhRYewCN5MP0UkiK+WREb07+37un77xQ/aKuB5pQl3tXqiKZZSBdmAy\nDQNyLiRO+VIjd0gWqYPX0S915SVhRQIDAQABAoICAEjc89/SDrV9Q+MmONuDl2VD\njFjkTMQCp7ysZ7aTVQEgNrIqi574KZ0brvFCBLJDElAvJanks399W/0dEZij+X+4\nqPVnI2j3OusOkjOm478f+qzUHMj9uF6Ds92Zr+Jb+7sTOlFT1Fo1v2W6CWDv0pPP\n+BZ+VQbu6UFdjzr779et60wlWaAJMFz1F2cLcPqaO03D6plysY+Uz5Qjkt9NAQqC\notF2SXojs29GmrYkdeGbAnoaWcdOdKDeMYIjq5D7CTpFTnR5II7hzatyMlSKKMcA\nY2h96+LtMz7WbZBWL89ILiZjjngRguRM6ytTcpH55Qem2I/NhD146/BLkkgtXdmT\nzXUH9EBfnh8WNsSxMW+yjdnkx8JNijdj+UU+fhAJGuZ3ZzjTqsdaDy7D5FfPWlzB\nSEpYOw+C47krwtGry57CqNPstPN2UnjQTKDJACulYNDKl21pRquMivmQBG4wj8QQ\n564/jOytwqqXbMZKSq92b83oFrvSVcXWtu8qPS2+xV9v6Zb9gWDM9mEEfbg3SzwP\nebem6+HMPdI9R8SzeY8ttko/Z5Nte1dQrf3r+oJPDCxOyCDH6+GT7UAPKNOwzZXg\nGfTPuIrNYI+0YXVO7eYTkyez6lzabEY2Rf2Q0BKn1GwQENHi1x/dpTJpJGrI5ER5\n1VjckCAYQw4j76edjvUBAoIBAQD0poflELFHFhDeELEsvz5413tFqKAYLtqkTMYG\nSr+ecjyg7M76eFiOLro9aZW8cF/MB3/uAqtcEgNelpUHxc/79o/1/ZzlgNe9p5MX\nsFTzmrUwTGgN5eH+hJeEVzn3v5e95LxkP+gTvBDyu7idCMtDX3TxGuZeLSutt4Yt\nQ9pmaHoFFueMION7knkJg3XkPzTxqqe9LyzrM/rM/1//TDhcJ2mvvmoVSBxAHy1A\nVPGgZ9hhjowtTJKWKoRyrwfZMn3rTVOPf5vrRDauNqcsWKZNpUL+REk8giSAYMnY\nDWBSi+eI6x1PugJ27vLC3Tz/l58USHaTJ3oglinsVtFA9O4dAoIBAQDktJIJIpC1\n56HRMhp2+5yHf7nnp47HzB3ayLqC3UcRghJnkrz9TQiXGYe5jM4ztcRRzrBl4MEC\nl057s/OZ4odd6zyyE9fNzjumrFb9oDTqvYe/05rYL+KZYYag2MmaylZ2lnC9U5AM\nTf0RSkSShg9Q4I5mLnKjbDdIUfACAN1Yw2CXSiqxgQwOcb8qMzV/mk5MV80dlcDy\nB0t3JWT/MyERgQQhPtDphaobRaiXMadr5H2yjrM49K0GeLRl5T7iliUOpOHGRLf3\n/2Rf5RdZgHwjIU7dVXI+epDtz9OLEsZ6MHc0u89HzedF39uqPriig+gQ+tVFIp5/\ntIR5Kp9stndJAoIBADouyK7fc2m2g7hsO9aqfM78YCLG4ZweuHzOjWG9sSibfnO/\nHdJPgK//yOcGD0hLaVz6g6A1Hk+9MPPz1+mLT9VaZA5ajE/Afo5qJf9CPlHY/zJH\nWY/EliSTn/0nSW/0LsBIf81PrX/UACvaHSOrjbuuHf+hKBxJndOoi86EDpLAUhSX\nx+V5hOBEi2iJzSXFKnA258GEUKh3KjRKn6f1lonEDcxv+oapKZ7OS1K7YOOHDtzU\nq92yEkKIRguIONOcwHmPYEoGTSx8goyYDtXrF1Hr9azGzKwJP2kQm7A4Liozf5L+\nZ3AoiqGCXlWdi/41Lu4B9cE1aEQLsli0pPtPxLkCggEBAN4RYxdRo7etIRdykfXk\nHDoJUGbZ8K6ZyIdOjqNQ3pfmd55wAefmK6gj1wDY8sONBAH3MprJoD+20TMWKTvL\nlGsiZb33vHyOeqc9Af6k15zyyWP+wISYAmuyIbn+pcsSGuBs9S0wfVclRsvKFEk9\nuJNsZ3haM1/xTMCBJw2a71In65sbHddbGWzRD7CXJqQvHUXNn1HRvhaD9MfM3INb\njwli/7KUPt/wtJpkie28/faqV07Qdr+f/H2jKG8kKGp1JahRexQ8V3GLX1gppwF1\n25N03RHWzOZTtnPjb2HDqkqs0qK2le7/xEe5tJ5a5oaOlAAgvoKxubsAefz44PH7\nPlkCggEBAOlMP+cX6NuAODgtyX53jZVZNXgT4gglooAAFCbb6NH7hquauIaAaI8g\nBMZd1+BhoOytCJm888xe6JNZ518Pb1ffR69elHisdXwO1rZKz7YAI+nuFLuHttRT\nkoZ0HVOJUOJsteN7ldWEh+YOkN8ECf619B5GQgXn4ztV+D1DkowIdvhgZ+tkEvy2\nrcRlZb6/F2MNFat3OjSpfh59WXXPrqBa4pO8L7jxSz82IOaeLlkfsA1CUpCeNTHS\nXHKUygMHCYw48O2aQo/GVHtfVZKss66DAV3zm2b/G0NZ/c1DNCe5U5jajkNe8RYU\n9OeB1Wz1hjqWKqW8YfVcfOfhQ+n9i3k=\n-----END PRIVATE KEY-----\n",
            "public_key_fingerprint_md5": "81:bb:68:7c:5b:37:d4:d5:e6:75:2b:dc:38:85:49:d2",
            "public_key_fingerprint_sha256": "SHA256:cf9GtJt2jw0+BMMKYN+6/aGx7FbxcqzwKdyMLnquLSM",
            "public_key_openssh": "ssh-rsa AAAAB3NzaC1yc2EAAAADAQABAAACAQDakOGvRFF0GEte41zqTgZKXoHhQubhtzWEUEqmm+3d8LfxZC47GYDzyEXko7y+8VYvEujz13lwxww3CXPVggpaw6PtEOHpQKGhz2lLYOsqsdfXrZ9qVDFzKJ3e+bCmnmVSAlAbKZe9YGHPXdJiWIfGqW5n8AMPs1L2PL/jomNnvgr92gKAFHCO6+W1Ot47L8g5u9s5PhcWGmyndDlm1GpjN+482WoF91j+JizE111XR/H/xn1xDStknVI2bdWvRlRtSC/r12BdBC2GU2a4/6/1+89cKRvZrHUgdAGUPp57dByqz8gUn0vnEDXnDKFLOwssSj5R/6wjll+IqkJpK6i5aJO6qWlBSJ7Rw0u8FBm6tVIyrUkkWDTFez+a358+i7Y/r+NhicOiQcL4mnqa6YTdevpqE6WlhrnFhSEqOHOAq24EBvEeN9S8n1plIlr/e1C3roK30oqfarMaDkq1W/WAueo/HrUTwzr9is/gBasW9brEiO23mdlpe0udwY0tb1ez3XIeaomjN2xW411kTRyTNaQNL+zexhLa+M0lrTSruOZ7waMuTl+YMOYVm3HEj5utqj3dEXniVvniGITvw2Q6JkhRYewCN5MP0UkiK+WREb07+37un77xQ/aKuB5pQl3tXqiKZZSBdmAyDQNyLiRO+VIjd0gWqYPX0S915SVhRQ==\n",
            "public_key_pem": "-----BEGIN PUBLIC KEY-----\nMIICIjANBgkqhkiG9w0BAQEFAAOCAg8AMIICCgKCAgEA2pDhr0RRdBhLXuNc6k4G\nSl6B4ULm4bc1hFBKppvt3fC38WQuOxmA88hF5KO8vvFWLxLo89d5cMcMNwlz1YIK\nWsOj7RDh6UChoc9pS2DrKrHX162falQxcyid3vmwpp5lUgJQGymXvWBhz13SYliH\nxqluZ/ADD7NS9jy/46JjZ74K/doCgBRwjuvltTreOy/IObvbOT4XFhpsp3Q5ZtRq\nYzfuPNlqBfdY/iYsxNddV0fx/8Z9cQ0rZJ1SNm3Vr0ZUbUgv69dgXQQthlNmuP+v\n9fvPXCkb2ax1IHQBlD6ee3Qcqs/IFJ9L5xA15wyhSzsLLEo+Uf+sI5ZfiKpCaSuo\nuWiTuqlpQUie0cNLvBQZurVSMq1JJFg0xXs/mt+fPou2P6/jYYnDokHC+Jp6mumE\n3Xr6ahOlpYa5xYUhKjhzgKtuBAbxHjfUvJ9aZSJa/3tQt66Ct9KKn2qzGg5KtVv1\ngLnqPx61E8M6/YrP4AWrFvW6xIjtt5nZaXtLncGNLW9Xs91yHmqJozdsVuNdZE0c\nkzWkDS/s3sYS2vjNJa00q7jme8GjLk5fmDDmFZtxxI+brao93RF54lb54hiE78Nk\nOiZIUWHsAjeTD9FJIivlkRG9O/t+7p++8UP2irgeaUJd7V6oimWUgXZgMg0Dci4k\nTvlSI3dIFqmD19EvdeUlYUUCAwEAAQ==\n-----END PUBLIC KEY-----\n",
            "rsa_bits": 4096
          },
          "sensitive_attributes": [
            [
              {
                "type": "get_attr",
                "value": "private_key_pem_pkcs8"
              }
            ],
            [
              {
                "type": "get_attr",
                "value": "private_key_pem"
              }
            ],
            [
              {
                "type": "get_attr",
                "value": "private_key_openssh"
              }
            ]
          ]
        }
      ]
    }
  ],
  "check_results": null
}
